
Microsoft Visual Studio Solution File, Format Version 12.00
# Visual Studio Version 17
VisualStudioVersion = 17.8.34316.72
MinimumVisualStudioVersion = 10.0.40219.1
Project("{FAE04EC0-301F-11D3-BF4B-00C04F79EFBC}") = "Vision-API", "Vision-API.csproj", "{6EEF25B7-4C48-43FD-8378-DEED13E90B18}"
EndProject
Global
	GlobalSection(SolutionConfigurationPlatforms) = preSolution
		Debug|Any CPU = Debug|Any CPU
		Release|Any CPU = Release|Any CPU
	EndGlobalSection
	GlobalSection(ProjectConfigurationPlatforms) = postSolution
		{6EEF25B7-4C48-43FD-8378-DEED13E90B18}.Debug|Any CPU.ActiveCfg = Debug|Any CPU
		{6EEF25B7-4C48-43FD-8378-DEED13E90B18}.Debug|Any CPU.Build.0 = Debug|Any CPU
		{6EEF25B7-4C48-43FD-8378-DEED13E90B18}.Release|Any CPU.ActiveCfg = Release|Any CPU
		{6EEF25B7-4C48-43FD-8378-DEED13E90B18}.Release|Any CPU.Build.0 = Release|Any CPU
	EndGlobalSection
	GlobalSection(SolutionProperties) = preSolution
		HideSolutionNode = FALSE
	EndGlobalSection
	GlobalSection(ExtensibilityGlobals) = postSolution
		SolutionGuid = {AE48CA67-1E1E-40A1-AA3E-9BA2DE87DEBA}
	EndGlobalSection
EndGlobal
